<?xml version="1.0" encoding="utf-8"?>
<Project ToolsVersion="4.0" xmlns="http://schemas.microsoft.com/developer/msbuild/2003">
  <ItemGroup>
    <ClCompile Include="C:\Users\DX2\Desktop\LeLab\dep\assimp\tools\assimp_cmd\CompareDump.cpp">
      <Filter>Source Files</Filter>
    </ClCompile>
    <ClCompile Include="C:\Users\DX2\Desktop\LeLab\dep\assimp\tools\assimp_cmd\ImageExtractor.cpp">
      <Filter>Source Files</Filter>
    </ClCompile>
    <ClCompile Include="C:\Users\DX2\Desktop\LeLab\dep\assimp\tools\assimp_cmd\Main.cpp">
      <Filter>Source Files</Filter>
    </ClCompile>
    <ClCompile Include="C:\Users\DX2\Desktop\LeLab\dep\assimp\tools\assimp_cmd\WriteDumb.cpp">
      <Filter>Source Files</Filter>
    </ClCompile>
    <ClCompile Include="C:\Users\DX2\Desktop\LeLab\dep\assimp\tools\assimp_cmd\Info.cpp">
      <Filter>Source Files</Filter>
    </ClCompile>
    <ClCompile Include="C:\Users\DX2\Desktop\LeLab\dep\assimp\tools\assimp_cmd\Export.cpp">
      <Filter>Source Files</Filter>
    </ClCompile>
  </ItemGroup>
  <ItemGroup>
    <ClInclude Include="C:\Users\DX2\Desktop\LeLab\dep\assimp\tools\assimp_cmd\Main.h">
      <Filter>Header Files</Filter>
    </ClInclude>
    <ClInclude Include="C:\Users\DX2\Desktop\LeLab\dep\assimp\tools\assimp_cmd\resource.h">
      <Filter>Header Files</Filter>
    </ClInclude>
  </ItemGroup>
  <ItemGroup>
    <CustomBuild Include="C:\Users\DX2\Desktop\LeLab\dep\assimp\tools\assimp_cmd\CMakeLists.txt" />
  </ItemGroup>
  <ItemGroup>
    <ResourceCompile Include="C:\Users\DX2\Desktop\LeLab\dep\assimp\tools\assimp_cmd\assimp_cmd.rc">
      <Filter>Source Files</Filter>
    </ResourceCompile>
  </ItemGroup>
  <ItemGroup>
    <Filter Include="Source Files">
      <UniqueIdentifier>{EDF23A9C-9D91-4A4A-B178-424C5BB83356}</UniqueIdentifier>
    </Filter>
    <Filter Include="Header Files">
      <UniqueIdentifier>{E1C0A0CF-3E0D-4BA3-A8A6-60FAAB09562C}</UniqueIdentifier>
    </Filter>
  </ItemGroup>
</Project>
