<?xml version="1.0" encoding="utf-8"?>
<Project ToolsVersion="4.0" xmlns="http://schemas.microsoft.com/developer/msbuild/2003">
  <ItemGroup>
    <ClInclude Include="Defines.h" />
    <ClInclude Include="MMBlob.h">
      <Filter>Memory</Filter>
    </ClInclude>
    <ClInclude Include="MMObject.h">
      <Filter>Memory</Filter>
    </ClInclude>
    <ClInclude Include="MMPointer.h">
      <Filter>Memory</Filter>
    </ClInclude>
    <ClInclude Include="Log.h">
      <Filter>Logging</Filter>
    </ClInclude>
    <ClInclude Include="Application.h">
      <Filter>Application</Filter>
    </ClInclude>
    <ClInclude Include="window.h">
      <Filter>Application</Filter>
    </ClInclude>
  </ItemGroup>
  <ItemGroup>
    <ClCompile Include="main.cpp" />
    <ClCompile Include="MMBlob.cpp">
      <Filter>Memory</Filter>
    </ClCompile>
    <ClCompile Include="MMObject.cpp">
      <Filter>Memory</Filter>
    </ClCompile>
    <ClCompile Include="MMPointer.cpp">
      <Filter>Memory</Filter>
    </ClCompile>
    <ClCompile Include="Log.cpp">
      <Filter>Logging</Filter>
    </ClCompile>
    <ClCompile Include="window.cpp">
      <Filter>Application</Filter>
    </ClCompile>
    <ClCompile Include="Application.cpp">
      <Filter>Application</Filter>
    </ClCompile>
  </ItemGroup>
  <ItemGroup>
    <Filter Include="Memory">
      <UniqueIdentifier>{933bbafb-4f41-466e-b65f-25486ce13c6a}</UniqueIdentifier>
      <Extensions>
      </Extensions>
    </Filter>
    <Filter Include="Logging">
      <UniqueIdentifier>{ddd98ac9-0c0d-4245-993b-74eeb5a34b1e}</UniqueIdentifier>
    </Filter>
    <Filter Include="Application">
      <UniqueIdentifier>{4f03fe23-4feb-4966-9a0d-128454332560}</UniqueIdentifier>
    </Filter>
  </ItemGroup>
</Project>