<?xml version="1.0" encoding="utf-8"?>
<Project ToolsVersion="4.0" xmlns="http://schemas.microsoft.com/developer/msbuild/2003">
  <ItemGroup>
    <ClInclude Include="Defines.h" />
    <ClInclude Include="Log.h">
      <Filter>Logging</Filter>
    </ClInclude>
    <ClInclude Include="Singleton.h">
      <Filter>Helpers</Filter>
    </ClInclude>
    <ClInclude Include="SettingsManager.h">
      <Filter>Settings</Filter>
    </ClInclude>
    <ClInclude Include="ITask.h">
      <Filter>Kernel</Filter>
    </ClInclude>
    <ClInclude Include="Kernel.h">
      <Filter>Kernel</Filter>
    </ClInclude>
    <ClInclude Include="SettingsManager.h">
      <Filter>Settings</Filter>
    </ClInclude>
    <ClInclude Include="ITask.h">
      <Filter>Kernel</Filter>
    </ClInclude>
    <ClInclude Include="Kernel.h">
      <Filter>Kernel</Filter>
    </ClInclude>
    <ClInclude Include="MathDefines.h">
      <Filter>Math</Filter>
    </ClInclude>
    <ClInclude Include="IApplication.h">
      <Filter>Kernel</Filter>
    </ClInclude>
    <ClInclude Include="GlobalTimer.h">
      <Filter>Timing</Filter>
    </ClInclude>
    <ClInclude Include="SoundTask.h">
      <Filter>Sound</Filter>
    </ClInclude>
    <ClInclude Include="InputTask.h">
      <Filter>Input</Filter>
    </ClInclude>
    <ClInclude Include="VideoUpdate.h">
      <Filter>Rendering</Filter>
    </ClInclude>
    <ClInclude Include="Matrix.h">
      <Filter>Math</Filter>
    </ClInclude>
    <ClInclude Include="Quaternion.h">
      <Filter>Math</Filter>
    </ClInclude>
    <ClInclude Include="Vector.h">
      <Filter>Math</Filter>
    </ClInclude>
    <ClInclude Include="Camera.h">
      <Filter>Rendering</Filter>
    </ClInclude>
    <ClInclude Include="Scene.h">
      <Filter>Rendering</Filter>
    </ClInclude>
    <ClInclude Include="Renderer.h">
      <Filter>Rendering</Filter>
    </ClInclude>
    <ClInclude Include="Window.h">
      <Filter>Rendering</Filter>
    </ClInclude>
    <ClInclude Include="SystemInfo.h" />
    <ClInclude Include="Shapes.h">
      <Filter>Rendering</Filter>
    </ClInclude>
    <ClInclude Include="DMath.h">
      <Filter>Math</Filter>
    </ClInclude>
    <ClInclude Include="File.h">
      <Filter>Files</Filter>
    </ClInclude>
  </ItemGroup>
  <ItemGroup>
    <ClCompile Include="Log.cpp">
      <Filter>Logging</Filter>
    </ClCompile>
    <ClCompile Include="SettingsManager.cpp">
      <Filter>Settings</Filter>
    </ClCompile>
    <ClCompile Include="Kernel.cpp">
      <Filter>Kernel</Filter>
    </ClCompile>
    <ClCompile Include="GlobalTimer.cpp">
      <Filter>Timing</Filter>
    </ClCompile>
    <ClCompile Include="SoundTask.cpp">
      <Filter>Sound</Filter>
    </ClCompile>
    <ClCompile Include="InputTask.cpp">
      <Filter>Input</Filter>
    </ClCompile>
    <ClCompile Include="VideoUpdate.cpp">
      <Filter>Rendering</Filter>
    </ClCompile>
    <ClCompile Include="Scene.cpp">
      <Filter>Rendering</Filter>
    </ClCompile>
    <ClCompile Include="Window.cpp">
      <Filter>Rendering</Filter>
    </ClCompile>
    <ClCompile Include="SystemInfo.cpp" />
    <ClCompile Include="Camera.cpp">
      <Filter>Rendering</Filter>
    </ClCompile>
    <ClCompile Include="File.cpp">
      <Filter>Files</Filter>
    </ClCompile>
  </ItemGroup>
  <ItemGroup>
    <Filter Include="Logging">
      <UniqueIdentifier>{ddd98ac9-0c0d-4245-993b-74eeb5a34b1e}</UniqueIdentifier>
    </Filter>
    <Filter Include="Helpers">
      <UniqueIdentifier>{28c02e89-06cb-4ef5-bf7c-dc56d7f4e3d2}</UniqueIdentifier>
    </Filter>
    <Filter Include="Settings">
      <UniqueIdentifier>{7c27dcc8-fce3-4be1-9335-aee92a7437e8}</UniqueIdentifier>
    </Filter>
    <Filter Include="Kernel">
      <UniqueIdentifier>{cd215056-41db-472f-b511-0d6963583352}</UniqueIdentifier>
    </Filter>
    <Filter Include="Math">
      <UniqueIdentifier>{b8151332-6892-42c7-b496-7be5f56132e1}</UniqueIdentifier>
    </Filter>
    <Filter Include="Timing">
      <UniqueIdentifier>{b3c3941c-c70a-4d09-8817-941be87ea37f}</UniqueIdentifier>
    </Filter>
    <Filter Include="Sound">
      <UniqueIdentifier>{5565734e-9bea-49fa-8786-93cbf4086076}</UniqueIdentifier>
    </Filter>
    <Filter Include="Input">
      <UniqueIdentifier>{9a5309e4-1a32-44b0-8a8b-7f360e71f461}</UniqueIdentifier>
    </Filter>
    <Filter Include="Rendering">
      <UniqueIdentifier>{cf2a5b4d-0770-49bc-ba67-286250fe9f9a}</UniqueIdentifier>
    </Filter>
    <Filter Include="Files">
      <UniqueIdentifier>{64675fde-2677-45c3-beb2-18fa030d4bbb}</UniqueIdentifier>
    </Filter>
  </ItemGroup>
</Project>