<?xml version="1.0" encoding="utf-8"?>
<Project ToolsVersion="4.0" xmlns="http://schemas.microsoft.com/developer/msbuild/2003">
  <ItemGroup>
    <ClInclude Include="Defines.h" />
    <ClInclude Include="MMBlob.h">
      <Filter>Memory</Filter>
    </ClInclude>
    <ClInclude Include="MMObject.h">
      <Filter>Memory</Filter>
    </ClInclude>
    <ClInclude Include="MMPointer.h">
      <Filter>Memory</Filter>
    </ClInclude>
    <ClInclude Include="Log.h">
      <Filter>Logging</Filter>
    </ClInclude>
    <ClInclude Include="ProfileSample.h">
      <Filter>Profiling</Filter>
    </ClInclude>
    <ClInclude Include="IProfilerOutputHandler.h">
      <Filter>Profiling</Filter>
    </ClInclude>
    <ClInclude Include="ProfileLogHandler.h">
      <Filter>Profiling</Filter>
    </ClInclude>
    <ClInclude Include="Application.h">
      <Filter>Application</Filter>
    </ClInclude>
    <ClInclude Include="Window.h">
      <Filter>Application</Filter>
    </ClInclude>
    <ClInclude Include="Mesh.h">
      <Filter>Application</Filter>
    </ClInclude>
    <ClInclude Include="Renderer.h">
      <Filter>Application</Filter>
    </ClInclude>
    <ClInclude Include="Camera.h">
      <Filter>Application</Filter>
    </ClInclude>
    <ClInclude Include="Texture.h">
      <Filter>Application</Filter>
    </ClInclude>
    <ClInclude Include="ProfileSample.h">
      <Filter>Profiling</Filter>
    </ClInclude>
    <ClInclude Include="Mesh.h">
      <Filter>Application</Filter>
    </ClInclude>
    <ClInclude Include="Renderer.h">
      <Filter>Application</Filter>
    </ClInclude>
    <ClInclude Include="Camera.h">
      <Filter>Application</Filter>
    </ClInclude>
    <ClInclude Include="Texture.h">
      <Filter>Application</Filter>
    </ClInclude>
    <ClInclude Include="ProfileLogHandler.h">
      <Filter>Profiling</Filter>
    </ClInclude>
    <ClInclude Include="Camera.h">
      <Filter>Application</Filter>
    </ClInclude>
    <ClInclude Include="MathExt.h" />
    <ClInclude Include="Texture.h">
      <Filter>Application</Filter>
    </ClInclude>
    <ClInclude Include="Dator.h">
      <Filter>Helpers</Filter>
    </ClInclude>
    <ClInclude Include="Singleton.h">
      <Filter>Helpers</Filter>
    </ClInclude>
    <ClInclude Include="Functor.h">
      <Filter>Helpers</Filter>
    </ClInclude>
    <ClInclude Include="SettingsManager.h">
      <Filter>Settings</Filter>
    </ClInclude>
    <ClInclude Include="ITask.h">
      <Filter>Kernel</Filter>
    </ClInclude>
    <ClInclude Include="Kernel.h">
      <Filter>Kernel</Filter>
    </ClInclude>
    <ClInclude Include="SettingsManager.h">
      <Filter>Settings</Filter>
    </ClInclude>
    <ClInclude Include="ITask.h">
      <Filter>Kernel</Filter>
    </ClInclude>
    <ClInclude Include="Kernel.h">
      <Filter>Kernel</Filter>
    </ClInclude>
    <ClInclude Include="MathDefines.h">
      <Filter>Math</Filter>
    </ClInclude>
    <ClInclude Include="IApplication.h">
      <Filter>Kernel</Filter>
    </ClInclude>
    <ClInclude Include="GlobalTimer.h">
      <Filter>Timing</Filter>
    </ClInclude>
    <ClInclude Include="SoundTask.h">
      <Filter>Sound</Filter>
    </ClInclude>
    <ClInclude Include="MMDynamicBlob.h">
      <Filter>Memory</Filter>
    </ClInclude>
  </ItemGroup>
  <ItemGroup>
    <ClCompile Include="main.cpp" />
    <ClCompile Include="MMBlob.cpp">
      <Filter>Memory</Filter>
    </ClCompile>
    <ClCompile Include="MMObject.cpp">
      <Filter>Memory</Filter>
    </ClCompile>
    <ClCompile Include="Log.cpp">
      <Filter>Logging</Filter>
    </ClCompile>
    <ClCompile Include="ProfileSample.cpp">
      <Filter>Profiling</Filter>
    </ClCompile>
    <ClCompile Include="ProfileLogHandler.cpp">
      <Filter>Profiling</Filter>
    </ClCompile>
    <ClCompile Include="window.cpp">
      <Filter>Application</Filter>
    </ClCompile>
    <ClCompile Include="Application.cpp">
      <Filter>Application</Filter>
    </ClCompile>
    <ClCompile Include="window.cpp">
      <Filter>Application</Filter>
    </ClCompile>
    <ClCompile Include="Application.cpp">
      <Filter>Application</Filter>
    </ClCompile>
    <ClCompile Include="Texture.cpp">
      <Filter>Application</Filter>
    </ClCompile>
    <ClCompile Include="Mesh.cpp">
      <Filter>Application</Filter>
    </ClCompile>
    <ClCompile Include="ProfileSample.cpp">
      <Filter>Profiling</Filter>
    </ClCompile>
    <ClCompile Include="ProfileLogHandler.cpp">
      <Filter>Profiling</Filter>
    </ClCompile>
    <ClCompile Include="SettingsManager.cpp">
      <Filter>Settings</Filter>
    </ClCompile>
    <ClCompile Include="Kernel.cpp">
      <Filter>Kernel</Filter>
    </ClCompile>
    <ClCompile Include="GlobalTimer.cpp">
      <Filter>Timing</Filter>
    </ClCompile>
    <ClCompile Include="SoundTask.cpp">
      <Filter>Sound</Filter>
    </ClCompile>
  </ItemGroup>
  <ItemGroup>
    <Filter Include="Memory">
      <UniqueIdentifier>{933bbafb-4f41-466e-b65f-25486ce13c6a}</UniqueIdentifier>
      <Extensions>
      </Extensions>
    </Filter>
    <Filter Include="Logging">
      <UniqueIdentifier>{ddd98ac9-0c0d-4245-993b-74eeb5a34b1e}</UniqueIdentifier>
    </Filter>
    <Filter Include="Profiling">
      <UniqueIdentifier>{e040f962-2522-4d5d-8c85-2829818e8ca3}</UniqueIdentifier>
    </Filter>
    <Filter Include="Application">
      <UniqueIdentifier>{4f03fe23-4feb-4966-9a0d-128454332560}</UniqueIdentifier>
    </Filter>
    <Filter Include="Helpers">
      <UniqueIdentifier>{28c02e89-06cb-4ef5-bf7c-dc56d7f4e3d2}</UniqueIdentifier>
    </Filter>
    <Filter Include="Settings">
      <UniqueIdentifier>{7c27dcc8-fce3-4be1-9335-aee92a7437e8}</UniqueIdentifier>
    </Filter>
    <Filter Include="Kernel">
      <UniqueIdentifier>{cd215056-41db-472f-b511-0d6963583352}</UniqueIdentifier>
    </Filter>
    <Filter Include="Math">
      <UniqueIdentifier>{b8151332-6892-42c7-b496-7be5f56132e1}</UniqueIdentifier>
    </Filter>
  </ItemGroup>
</Project>