Microsoft Visual Studio Solution File, Format Version 12.00
# Visual Studio 11
Project("{8BC9CEB8-8B4A-11D0-8D11-00A0C91BC942}") = "ALL_BUILD", "ALL_BUILD.vcxproj", "{04946BAB-4F7D-4397-B96B-89B34299D03B}"
	ProjectSection(ProjectDependencies) = postProject
		{F803D739-2538-4B34-99F9-C8D71EFAB84A} = {F803D739-2538-4B34-99F9-C8D71EFAB84A}
		{2DABA66F-3905-4E7E-9057-4BF1CD0C11E6} = {2DABA66F-3905-4E7E-9057-4BF1CD0C11E6}
		{12FEA5E9-A409-4071-9520-4117E084DF7B} = {12FEA5E9-A409-4071-9520-4117E084DF7B}
		{3F532B96-00A6-444C-816B-1BA4D61CC2C0} = {3F532B96-00A6-444C-816B-1BA4D61CC2C0}
		{02BBB8AB-EB9E-4644-BEFF-144D9404A62B} = {02BBB8AB-EB9E-4644-BEFF-144D9404A62B}
	EndProjectSection
EndProject
Project("{8BC9CEB8-8B4A-11D0-8D11-00A0C91BC942}") = "INSTALL", "INSTALL.vcxproj", "{51820A77-C093-42EB-B1B3-8DCF261248F5}"
	ProjectSection(ProjectDependencies) = postProject
		{04946BAB-4F7D-4397-B96B-89B34299D03B} = {04946BAB-4F7D-4397-B96B-89B34299D03B}
	EndProjectSection
EndProject
Project("{8BC9CEB8-8B4A-11D0-8D11-00A0C91BC942}") = "ZERO_CHECK", "ZERO_CHECK.vcxproj", "{F803D739-2538-4B34-99F9-C8D71EFAB84A}"
	ProjectSection(ProjectDependencies) = postProject
	EndProjectSection
EndProject
Project("{8BC9CEB8-8B4A-11D0-8D11-00A0C91BC942}") = "assimp", "code\assimp.vcxproj", "{2DABA66F-3905-4E7E-9057-4BF1CD0C11E6}"
	ProjectSection(ProjectDependencies) = postProject
		{F803D739-2538-4B34-99F9-C8D71EFAB84A} = {F803D739-2538-4B34-99F9-C8D71EFAB84A}
		{02BBB8AB-EB9E-4644-BEFF-144D9404A62B} = {02BBB8AB-EB9E-4644-BEFF-144D9404A62B}
	EndProjectSection
EndProject
Project("{8BC9CEB8-8B4A-11D0-8D11-00A0C91BC942}") = "assimp_cmd", "tools\assimp_cmd\assimp_cmd.vcxproj", "{12FEA5E9-A409-4071-9520-4117E084DF7B}"
	ProjectSection(ProjectDependencies) = postProject
		{F803D739-2538-4B34-99F9-C8D71EFAB84A} = {F803D739-2538-4B34-99F9-C8D71EFAB84A}
		{2DABA66F-3905-4E7E-9057-4BF1CD0C11E6} = {2DABA66F-3905-4E7E-9057-4BF1CD0C11E6}
		{02BBB8AB-EB9E-4644-BEFF-144D9404A62B} = {02BBB8AB-EB9E-4644-BEFF-144D9404A62B}
	EndProjectSection
EndProject
Project("{8BC9CEB8-8B4A-11D0-8D11-00A0C91BC942}") = "assimp_viewer", "tools\assimp_view\assimp_viewer.vcxproj", "{3F532B96-00A6-444C-816B-1BA4D61CC2C0}"
	ProjectSection(ProjectDependencies) = postProject
		{F803D739-2538-4B34-99F9-C8D71EFAB84A} = {F803D739-2538-4B34-99F9-C8D71EFAB84A}
		{2DABA66F-3905-4E7E-9057-4BF1CD0C11E6} = {2DABA66F-3905-4E7E-9057-4BF1CD0C11E6}
	EndProjectSection
EndProject
Project("{8BC9CEB8-8B4A-11D0-8D11-00A0C91BC942}") = "uninstall", "uninstall.vcxproj", "{851A0183-E515-4F18-AC96-A5F772DA4428}"
	ProjectSection(ProjectDependencies) = postProject
		{F803D739-2538-4B34-99F9-C8D71EFAB84A} = {F803D739-2538-4B34-99F9-C8D71EFAB84A}
	EndProjectSection
EndProject
Project("{8BC9CEB8-8B4A-11D0-8D11-00A0C91BC942}") = "zlib", "contrib\zlib\zlib.vcxproj", "{02BBB8AB-EB9E-4644-BEFF-144D9404A62B}"
	ProjectSection(ProjectDependencies) = postProject
		{F803D739-2538-4B34-99F9-C8D71EFAB84A} = {F803D739-2538-4B34-99F9-C8D71EFAB84A}
	EndProjectSection
EndProject
Global
	GlobalSection(SolutionConfigurationPlatforms) = preSolution
		Debug|x64 = Debug|x64
		Release|x64 = Release|x64
		MinSizeRel|x64 = MinSizeRel|x64
		RelWithDebInfo|x64 = RelWithDebInfo|x64
	EndGlobalSection
	GlobalSection(ProjectConfigurationPlatforms) = postSolution
		{04946BAB-4F7D-4397-B96B-89B34299D03B}.Debug|x64.ActiveCfg = Debug|x64
		{04946BAB-4F7D-4397-B96B-89B34299D03B}.Debug|x64.Build.0 = Debug|x64
		{04946BAB-4F7D-4397-B96B-89B34299D03B}.Release|x64.ActiveCfg = Release|x64
		{04946BAB-4F7D-4397-B96B-89B34299D03B}.Release|x64.Build.0 = Release|x64
		{04946BAB-4F7D-4397-B96B-89B34299D03B}.MinSizeRel|x64.ActiveCfg = MinSizeRel|x64
		{04946BAB-4F7D-4397-B96B-89B34299D03B}.MinSizeRel|x64.Build.0 = MinSizeRel|x64
		{04946BAB-4F7D-4397-B96B-89B34299D03B}.RelWithDebInfo|x64.ActiveCfg = RelWithDebInfo|x64
		{04946BAB-4F7D-4397-B96B-89B34299D03B}.RelWithDebInfo|x64.Build.0 = RelWithDebInfo|x64
		{51820A77-C093-42EB-B1B3-8DCF261248F5}.Debug|x64.ActiveCfg = Debug|x64
		{51820A77-C093-42EB-B1B3-8DCF261248F5}.Release|x64.ActiveCfg = Release|x64
		{51820A77-C093-42EB-B1B3-8DCF261248F5}.MinSizeRel|x64.ActiveCfg = MinSizeRel|x64
		{51820A77-C093-42EB-B1B3-8DCF261248F5}.RelWithDebInfo|x64.ActiveCfg = RelWithDebInfo|x64
		{F803D739-2538-4B34-99F9-C8D71EFAB84A}.Debug|x64.ActiveCfg = Debug|x64
		{F803D739-2538-4B34-99F9-C8D71EFAB84A}.Debug|x64.Build.0 = Debug|x64
		{F803D739-2538-4B34-99F9-C8D71EFAB84A}.Release|x64.ActiveCfg = Release|x64
		{F803D739-2538-4B34-99F9-C8D71EFAB84A}.Release|x64.Build.0 = Release|x64
		{F803D739-2538-4B34-99F9-C8D71EFAB84A}.MinSizeRel|x64.ActiveCfg = MinSizeRel|x64
		{F803D739-2538-4B34-99F9-C8D71EFAB84A}.MinSizeRel|x64.Build.0 = MinSizeRel|x64
		{F803D739-2538-4B34-99F9-C8D71EFAB84A}.RelWithDebInfo|x64.ActiveCfg = RelWithDebInfo|x64
		{F803D739-2538-4B34-99F9-C8D71EFAB84A}.RelWithDebInfo|x64.Build.0 = RelWithDebInfo|x64
		{2DABA66F-3905-4E7E-9057-4BF1CD0C11E6}.Debug|x64.ActiveCfg = Debug|x64
		{2DABA66F-3905-4E7E-9057-4BF1CD0C11E6}.Debug|x64.Build.0 = Debug|x64
		{2DABA66F-3905-4E7E-9057-4BF1CD0C11E6}.Release|x64.ActiveCfg = Release|x64
		{2DABA66F-3905-4E7E-9057-4BF1CD0C11E6}.Release|x64.Build.0 = Release|x64
		{2DABA66F-3905-4E7E-9057-4BF1CD0C11E6}.MinSizeRel|x64.ActiveCfg = MinSizeRel|x64
		{2DABA66F-3905-4E7E-9057-4BF1CD0C11E6}.MinSizeRel|x64.Build.0 = MinSizeRel|x64
		{2DABA66F-3905-4E7E-9057-4BF1CD0C11E6}.RelWithDebInfo|x64.ActiveCfg = RelWithDebInfo|x64
		{2DABA66F-3905-4E7E-9057-4BF1CD0C11E6}.RelWithDebInfo|x64.Build.0 = RelWithDebInfo|x64
		{12FEA5E9-A409-4071-9520-4117E084DF7B}.Debug|x64.ActiveCfg = Debug|x64
		{12FEA5E9-A409-4071-9520-4117E084DF7B}.Debug|x64.Build.0 = Debug|x64
		{12FEA5E9-A409-4071-9520-4117E084DF7B}.Release|x64.ActiveCfg = Release|x64
		{12FEA5E9-A409-4071-9520-4117E084DF7B}.Release|x64.Build.0 = Release|x64
		{12FEA5E9-A409-4071-9520-4117E084DF7B}.MinSizeRel|x64.ActiveCfg = MinSizeRel|x64
		{12FEA5E9-A409-4071-9520-4117E084DF7B}.MinSizeRel|x64.Build.0 = MinSizeRel|x64
		{12FEA5E9-A409-4071-9520-4117E084DF7B}.RelWithDebInfo|x64.ActiveCfg = RelWithDebInfo|x64
		{12FEA5E9-A409-4071-9520-4117E084DF7B}.RelWithDebInfo|x64.Build.0 = RelWithDebInfo|x64
		{3F532B96-00A6-444C-816B-1BA4D61CC2C0}.Debug|x64.ActiveCfg = Debug|x64
		{3F532B96-00A6-444C-816B-1BA4D61CC2C0}.Debug|x64.Build.0 = Debug|x64
		{3F532B96-00A6-444C-816B-1BA4D61CC2C0}.Release|x64.ActiveCfg = Release|x64
		{3F532B96-00A6-444C-816B-1BA4D61CC2C0}.Release|x64.Build.0 = Release|x64
		{3F532B96-00A6-444C-816B-1BA4D61CC2C0}.MinSizeRel|x64.ActiveCfg = MinSizeRel|x64
		{3F532B96-00A6-444C-816B-1BA4D61CC2C0}.MinSizeRel|x64.Build.0 = MinSizeRel|x64
		{3F532B96-00A6-444C-816B-1BA4D61CC2C0}.RelWithDebInfo|x64.ActiveCfg = RelWithDebInfo|x64
		{3F532B96-00A6-444C-816B-1BA4D61CC2C0}.RelWithDebInfo|x64.Build.0 = RelWithDebInfo|x64
		{851A0183-E515-4F18-AC96-A5F772DA4428}.Debug|x64.ActiveCfg = Debug|x64
		{851A0183-E515-4F18-AC96-A5F772DA4428}.Release|x64.ActiveCfg = Release|x64
		{851A0183-E515-4F18-AC96-A5F772DA4428}.MinSizeRel|x64.ActiveCfg = MinSizeRel|x64
		{851A0183-E515-4F18-AC96-A5F772DA4428}.RelWithDebInfo|x64.ActiveCfg = RelWithDebInfo|x64
		{02BBB8AB-EB9E-4644-BEFF-144D9404A62B}.Debug|x64.ActiveCfg = Debug|x64
		{02BBB8AB-EB9E-4644-BEFF-144D9404A62B}.Debug|x64.Build.0 = Debug|x64
		{02BBB8AB-EB9E-4644-BEFF-144D9404A62B}.Release|x64.ActiveCfg = Release|x64
		{02BBB8AB-EB9E-4644-BEFF-144D9404A62B}.Release|x64.Build.0 = Release|x64
		{02BBB8AB-EB9E-4644-BEFF-144D9404A62B}.MinSizeRel|x64.ActiveCfg = MinSizeRel|x64
		{02BBB8AB-EB9E-4644-BEFF-144D9404A62B}.MinSizeRel|x64.Build.0 = MinSizeRel|x64
		{02BBB8AB-EB9E-4644-BEFF-144D9404A62B}.RelWithDebInfo|x64.ActiveCfg = RelWithDebInfo|x64
		{02BBB8AB-EB9E-4644-BEFF-144D9404A62B}.RelWithDebInfo|x64.Build.0 = RelWithDebInfo|x64
	EndGlobalSection
	GlobalSection(ExtensibilityGlobals) = postSolution
	EndGlobalSection
	GlobalSection(ExtensibilityAddIns) = postSolution
	EndGlobalSection
EndGlobal
