<?xml version="1.0" encoding="utf-8"?>
<Project ToolsVersion="4.0" xmlns="http://schemas.microsoft.com/developer/msbuild/2003">
  <ItemGroup>
    <CustomBuild Include="C:\Users\DX2\Desktop\LeLab\dep\gtest\CMakeLists.txt" />
    <CustomBuild Include="CMakeFiles\3506cbb4852bf449eb9efe5f1f158ddb\ALL_BUILD.rule">
      <Filter>CMake Rules</Filter>
    </CustomBuild>
  </ItemGroup>
  <ItemGroup>
    <None Include="CMakeFiles\ALL_BUILD" />
  </ItemGroup>
  <ItemGroup>
    <Filter Include="CMake Rules">
      <UniqueIdentifier>{741EB9DC-3719-41AB-99E2-B3AFB0681981}</UniqueIdentifier>
    </Filter>
  </ItemGroup>
</Project>
