Microsoft Visual Studio Solution File, Format Version 12.00
# Visual Studio 11
Project("{8BC9CEB8-8B4A-11D0-8D11-00A0C91BC942}") = "ALL_BUILD", "ALL_BUILD.vcxproj", "{4B201633-86D6-4FDC-922A-614D853808DC}"
	ProjectSection(ProjectDependencies) = postProject
		{A14CD955-D4CA-4546-B569-358F1F70C034} = {A14CD955-D4CA-4546-B569-358F1F70C034}
		{3F3674C1-F425-419A-8444-48FFE381E05D} = {3F3674C1-F425-419A-8444-48FFE381E05D}
		{E49C0DF4-386A-425D-8BE8-618625B95712} = {E49C0DF4-386A-425D-8BE8-618625B95712}
	EndProjectSection
EndProject
Project("{8BC9CEB8-8B4A-11D0-8D11-00A0C91BC942}") = "ZERO_CHECK", "ZERO_CHECK.vcxproj", "{A14CD955-D4CA-4546-B569-358F1F70C034}"
	ProjectSection(ProjectDependencies) = postProject
	EndProjectSection
EndProject
Project("{8BC9CEB8-8B4A-11D0-8D11-00A0C91BC942}") = "gtest", "gtest.vcxproj", "{3F3674C1-F425-419A-8444-48FFE381E05D}"
	ProjectSection(ProjectDependencies) = postProject
		{A14CD955-D4CA-4546-B569-358F1F70C034} = {A14CD955-D4CA-4546-B569-358F1F70C034}
	EndProjectSection
EndProject
Project("{8BC9CEB8-8B4A-11D0-8D11-00A0C91BC942}") = "gtest_main", "gtest_main.vcxproj", "{E49C0DF4-386A-425D-8BE8-618625B95712}"
	ProjectSection(ProjectDependencies) = postProject
		{A14CD955-D4CA-4546-B569-358F1F70C034} = {A14CD955-D4CA-4546-B569-358F1F70C034}
		{3F3674C1-F425-419A-8444-48FFE381E05D} = {3F3674C1-F425-419A-8444-48FFE381E05D}
	EndProjectSection
EndProject
Global
	GlobalSection(SolutionConfigurationPlatforms) = preSolution
		Debug|x64 = Debug|x64
		Release|x64 = Release|x64
		MinSizeRel|x64 = MinSizeRel|x64
		RelWithDebInfo|x64 = RelWithDebInfo|x64
	EndGlobalSection
	GlobalSection(ProjectConfigurationPlatforms) = postSolution
		{4B201633-86D6-4FDC-922A-614D853808DC}.Debug|x64.ActiveCfg = Debug|x64
		{4B201633-86D6-4FDC-922A-614D853808DC}.Release|x64.ActiveCfg = Release|x64
		{4B201633-86D6-4FDC-922A-614D853808DC}.MinSizeRel|x64.ActiveCfg = MinSizeRel|x64
		{4B201633-86D6-4FDC-922A-614D853808DC}.RelWithDebInfo|x64.ActiveCfg = RelWithDebInfo|x64
		{A14CD955-D4CA-4546-B569-358F1F70C034}.Debug|x64.ActiveCfg = Debug|x64
		{A14CD955-D4CA-4546-B569-358F1F70C034}.Debug|x64.Build.0 = Debug|x64
		{A14CD955-D4CA-4546-B569-358F1F70C034}.Release|x64.ActiveCfg = Release|x64
		{A14CD955-D4CA-4546-B569-358F1F70C034}.Release|x64.Build.0 = Release|x64
		{A14CD955-D4CA-4546-B569-358F1F70C034}.MinSizeRel|x64.ActiveCfg = MinSizeRel|x64
		{A14CD955-D4CA-4546-B569-358F1F70C034}.MinSizeRel|x64.Build.0 = MinSizeRel|x64
		{A14CD955-D4CA-4546-B569-358F1F70C034}.RelWithDebInfo|x64.ActiveCfg = RelWithDebInfo|x64
		{A14CD955-D4CA-4546-B569-358F1F70C034}.RelWithDebInfo|x64.Build.0 = RelWithDebInfo|x64
		{3F3674C1-F425-419A-8444-48FFE381E05D}.Debug|x64.ActiveCfg = Debug|x64
		{3F3674C1-F425-419A-8444-48FFE381E05D}.Debug|x64.Build.0 = Debug|x64
		{3F3674C1-F425-419A-8444-48FFE381E05D}.Release|x64.ActiveCfg = Release|x64
		{3F3674C1-F425-419A-8444-48FFE381E05D}.Release|x64.Build.0 = Release|x64
		{3F3674C1-F425-419A-8444-48FFE381E05D}.MinSizeRel|x64.ActiveCfg = MinSizeRel|x64
		{3F3674C1-F425-419A-8444-48FFE381E05D}.MinSizeRel|x64.Build.0 = MinSizeRel|x64
		{3F3674C1-F425-419A-8444-48FFE381E05D}.RelWithDebInfo|x64.ActiveCfg = RelWithDebInfo|x64
		{3F3674C1-F425-419A-8444-48FFE381E05D}.RelWithDebInfo|x64.Build.0 = RelWithDebInfo|x64
		{E49C0DF4-386A-425D-8BE8-618625B95712}.Debug|x64.ActiveCfg = Debug|x64
		{E49C0DF4-386A-425D-8BE8-618625B95712}.Debug|x64.Build.0 = Debug|x64
		{E49C0DF4-386A-425D-8BE8-618625B95712}.Release|x64.ActiveCfg = Release|x64
		{E49C0DF4-386A-425D-8BE8-618625B95712}.Release|x64.Build.0 = Release|x64
		{E49C0DF4-386A-425D-8BE8-618625B95712}.MinSizeRel|x64.ActiveCfg = MinSizeRel|x64
		{E49C0DF4-386A-425D-8BE8-618625B95712}.MinSizeRel|x64.Build.0 = MinSizeRel|x64
		{E49C0DF4-386A-425D-8BE8-618625B95712}.RelWithDebInfo|x64.ActiveCfg = RelWithDebInfo|x64
		{E49C0DF4-386A-425D-8BE8-618625B95712}.RelWithDebInfo|x64.Build.0 = RelWithDebInfo|x64
	EndGlobalSection
	GlobalSection(ExtensibilityGlobals) = postSolution
	EndGlobalSection
	GlobalSection(ExtensibilityAddIns) = postSolution
	EndGlobalSection
EndGlobal
