<?xml version="1.0" encoding="utf-8"?>
<Project ToolsVersion="4.0" xmlns="http://schemas.microsoft.com/developer/msbuild/2003">
  <ItemGroup>
    <Filter Include="Source Files">
      <UniqueIdentifier>{2bd5731a-33d4-4c77-8e62-7fd9246a1d76}</UniqueIdentifier>
      <Extensions>cpp;c;cxx;rc;def;r;odl;idl;hpj;bat</Extensions>
    </Filter>
    <Filter Include="Header Files">
      <UniqueIdentifier>{c9785622-cb40-44b7-9cf2-ea025eca4829}</UniqueIdentifier>
      <Extensions>h;hpp;hxx;hm;inl</Extensions>
    </Filter>
    <Filter Include="Header Files\Error Messages">
      <UniqueIdentifier>{0d15ab46-5260-474d-b685-ce2b549663e8}</UniqueIdentifier>
    </Filter>
  </ItemGroup>
  <ItemGroup>
    <None Include="ilu.def">
      <Filter>Source Files</Filter>
    </None>
  </ItemGroup>
  <ItemGroup>
    <ClCompile Include="..\src\ilu_error.c">
      <Filter>Source Files</Filter>
    </ClCompile>
    <ClCompile Include="..\src\ilu_filter.c">
      <Filter>Source Files</Filter>
    </ClCompile>
    <ClCompile Include="..\src\ilu_filter_rcg.c">
      <Filter>Source Files</Filter>
    </ClCompile>
    <ClCompile Include="..\src\ilu_internal.c">
      <Filter>Source Files</Filter>
    </ClCompile>
    <ClCompile Include="..\src\ilu_main.c">
      <Filter>Source Files</Filter>
    </ClCompile>
    <ClCompile Include="..\src\ilu_manip.c">
      <Filter>Source Files</Filter>
    </ClCompile>
    <ClCompile Include="..\src\ilu_mipmap.c">
      <Filter>Source Files</Filter>
    </ClCompile>
    <ClCompile Include="..\src\ilu_noise.c">
      <Filter>Source Files</Filter>
    </ClCompile>
    <ClCompile Include="..\src\ilu_region.c">
      <Filter>Source Files</Filter>
    </ClCompile>
    <ClCompile Include="..\src\ilu_rotate.c">
      <Filter>Source Files</Filter>
    </ClCompile>
    <ClCompile Include="..\src\ilu_scale.c">
      <Filter>Source Files</Filter>
    </ClCompile>
    <ClCompile Include="..\src\ilu_scale2d.c">
      <Filter>Source Files</Filter>
    </ClCompile>
    <ClCompile Include="..\src\ilu_scale3d.c">
      <Filter>Source Files</Filter>
    </ClCompile>
    <ClCompile Include="..\src\ilu_states.c">
      <Filter>Source Files</Filter>
    </ClCompile>
    <ClCompile Include="..\src\ilu_utilities.c">
      <Filter>Source Files</Filter>
    </ClCompile>
  </ItemGroup>
  <ItemGroup>
    <ClInclude Include="..\..\include\IL\devil_internal_exports.h">
      <Filter>Header Files</Filter>
    </ClInclude>
    <ClInclude Include="..\..\include\il\ilu.h">
      <Filter>Header Files</Filter>
    </ClInclude>
    <ClInclude Include="..\include\ilu_filter.h">
      <Filter>Header Files</Filter>
    </ClInclude>
    <ClInclude Include="..\include\ilu_internal.h">
      <Filter>Header Files</Filter>
    </ClInclude>
    <ClInclude Include="..\include\ilu_mipmap.h">
      <Filter>Header Files</Filter>
    </ClInclude>
    <ClInclude Include="..\include\ilu_region.h">
      <Filter>Header Files</Filter>
    </ClInclude>
    <ClInclude Include="..\include\ilu_states.h">
      <Filter>Header Files</Filter>
    </ClInclude>
    <ClInclude Include="..\include\ilu_error\ilu_err-arabic.h">
      <Filter>Header Files\Error Messages</Filter>
    </ClInclude>
    <ClInclude Include="..\include\ilu_error\ilu_err-dutch.h">
      <Filter>Header Files\Error Messages</Filter>
    </ClInclude>
    <ClInclude Include="..\include\ilu_error\ilu_err-english.h">
      <Filter>Header Files\Error Messages</Filter>
    </ClInclude>
    <ClInclude Include="..\include\ilu_error\ilu_err-french.h">
      <Filter>Header Files\Error Messages</Filter>
    </ClInclude>
    <ClInclude Include="..\include\ilu_error\ilu_err-german.h">
      <Filter>Header Files\Error Messages</Filter>
    </ClInclude>
    <ClInclude Include="..\include\ilu_error\ilu_err-japanese.h">
      <Filter>Header Files\Error Messages</Filter>
    </ClInclude>
    <ClInclude Include="..\include\ilu_error\ilu_err-spanish.h">
      <Filter>Header Files\Error Messages</Filter>
    </ClInclude>
  </ItemGroup>
</Project>