
Microsoft Visual Studio Solution File, Format Version 11.00
# Visual Studio 2010
Project("{8BC9CEB8-8B4A-11D0-8D11-00A0C91BC942}") = "LeClient", "LeClient\LeClient.vcxproj", "{DC5D23A3-53BB-45E5-B841-6E902CB3832D}"
	ProjectSection(ProjectDependencies) = postProject
		{29A79727-C3C8-49B2-AC86-1DAD9EFAEF3A} = {29A79727-C3C8-49B2-AC86-1DAD9EFAEF3A}
	EndProjectSection
EndProject
Project("{8BC9CEB8-8B4A-11D0-8D11-00A0C91BC942}") = "LeServer", "LeServer\LeServer.vcxproj", "{20492C1E-56C8-4796-8A4A-916C56839DC9}"
	ProjectSection(ProjectDependencies) = postProject
		{29A79727-C3C8-49B2-AC86-1DAD9EFAEF3A} = {29A79727-C3C8-49B2-AC86-1DAD9EFAEF3A}
	EndProjectSection
EndProject
Project("{8BC9CEB8-8B4A-11D0-8D11-00A0C91BC942}") = "LeEngine", "LeEngine\LeEngine.vcxproj", "{29A79727-C3C8-49B2-AC86-1DAD9EFAEF3A}"
	ProjectSection(ProjectDependencies) = postProject
		{B46B180B-6079-4CE6-8647-A7D712774255} = {B46B180B-6079-4CE6-8647-A7D712774255}
		{F95061FD-360E-4F2C-4F64-3A2F2C12FABB} = {F95061FD-360E-4F2C-4F64-3A2F2C12FABB}
		{5691E159-2D9B-407F-971F-EA5C592DC524} = {5691E159-2D9B-407F-971F-EA5C592DC524}
		{CCEBAA77-521A-4CC3-A4E0-C6B062FC2009} = {CCEBAA77-521A-4CC3-A4E0-C6B062FC2009}
		{1AE4E979-0D35-4747-BF8E-DD60358F49DB} = {1AE4E979-0D35-4747-BF8E-DD60358F49DB}
		{7D060DA4-F2FA-44CC-80BE-065024DD6CA9} = {7D060DA4-F2FA-44CC-80BE-065024DD6CA9}
	EndProjectSection
EndProject
Project("{8BC9CEB8-8B4A-11D0-8D11-00A0C91BC942}") = "freeglut", "..\libs\freeglut-2.8.0\VisualStudio\2010\freeglut.vcxproj", "{1AE4E979-0D35-4747-BF8E-DD60358F49DB}"
EndProject
Project("{8BC9CEB8-8B4A-11D0-8D11-00A0C91BC942}") = "glew_static", "..\libs\glew-1.7.0\build\vc6\glew_static.vcxproj", "{F95061FD-360E-4F2C-4F64-3A2F2C12FABB}"
	ProjectSection(ProjectDependencies) = postProject
		{1AE4E979-0D35-4747-BF8E-DD60358F49DB} = {1AE4E979-0D35-4747-BF8E-DD60358F49DB}
	EndProjectSection
EndProject
Project("{8BC9CEB8-8B4A-11D0-8D11-00A0C91BC942}") = "IL", "..\libs\devil-1.7.8\src-IL\msvc9\IL.vcxproj", "{B46B180B-6079-4CE6-8647-A7D712774255}"
EndProject
Project("{8BC9CEB8-8B4A-11D0-8D11-00A0C91BC942}") = "ILU", "..\libs\devil-1.7.8\src-ILU\msvc9\ILU.vcxproj", "{CCEBAA77-521A-4CC3-A4E0-C6B062FC2009}"
	ProjectSection(ProjectDependencies) = postProject
		{B46B180B-6079-4CE6-8647-A7D712774255} = {B46B180B-6079-4CE6-8647-A7D712774255}
	EndProjectSection
EndProject
Project("{8BC9CEB8-8B4A-11D0-8D11-00A0C91BC942}") = "ILUT", "..\libs\devil-1.7.8\src-ILUT\msvc9\ILUT.vcxproj", "{7D060DA4-F2FA-44CC-80BE-065024DD6CA9}"
	ProjectSection(ProjectDependencies) = postProject
		{B46B180B-6079-4CE6-8647-A7D712774255} = {B46B180B-6079-4CE6-8647-A7D712774255}
		{CCEBAA77-521A-4CC3-A4E0-C6B062FC2009} = {CCEBAA77-521A-4CC3-A4E0-C6B062FC2009}
	EndProjectSection
EndProject
Project("{8BC9CEB8-8B4A-11D0-8D11-00A0C91BC942}") = "assimp", "..\libs\assimp--2.0.863-sdk\workspaces\vc9\assimp.vcxproj", "{5691E159-2D9B-407F-971F-EA5C592DC524}"
EndProject
Project("{8BC9CEB8-8B4A-11D0-8D11-00A0C91BC942}") = "GLFW", "..\libs\glfw-2.7.5\support\msvc100\GLFW.vcxproj", "{4DA03747-F505-4A98-9124-03B3B73B9B3B}"
EndProject
Global
	GlobalSection(SolutionConfigurationPlatforms) = preSolution
		Debug|Win32 = Debug|Win32
		Debug|x64 = Debug|x64
		Release|Win32 = Release|Win32
		Release|x64 = Release|x64
	EndGlobalSection
	GlobalSection(ProjectConfigurationPlatforms) = postSolution
		{DC5D23A3-53BB-45E5-B841-6E902CB3832D}.Debug|Win32.ActiveCfg = Debug|Win32
		{DC5D23A3-53BB-45E5-B841-6E902CB3832D}.Debug|Win32.Build.0 = Debug|Win32
		{DC5D23A3-53BB-45E5-B841-6E902CB3832D}.Debug|x64.ActiveCfg = Debug|Win32
		{DC5D23A3-53BB-45E5-B841-6E902CB3832D}.Release|Win32.ActiveCfg = Release|Win32
		{DC5D23A3-53BB-45E5-B841-6E902CB3832D}.Release|Win32.Build.0 = Release|Win32
		{DC5D23A3-53BB-45E5-B841-6E902CB3832D}.Release|x64.ActiveCfg = Release|Win32
		{20492C1E-56C8-4796-8A4A-916C56839DC9}.Debug|Win32.ActiveCfg = Debug|Win32
		{20492C1E-56C8-4796-8A4A-916C56839DC9}.Debug|x64.ActiveCfg = Debug|Win32
		{20492C1E-56C8-4796-8A4A-916C56839DC9}.Release|Win32.ActiveCfg = Release|Win32
		{20492C1E-56C8-4796-8A4A-916C56839DC9}.Release|Win32.Build.0 = Release|Win32
		{20492C1E-56C8-4796-8A4A-916C56839DC9}.Release|x64.ActiveCfg = Release|Win32
		{29A79727-C3C8-49B2-AC86-1DAD9EFAEF3A}.Debug|Win32.ActiveCfg = Debug|Win32
		{29A79727-C3C8-49B2-AC86-1DAD9EFAEF3A}.Debug|Win32.Build.0 = Debug|Win32
		{29A79727-C3C8-49B2-AC86-1DAD9EFAEF3A}.Debug|x64.ActiveCfg = Debug|Win32
		{29A79727-C3C8-49B2-AC86-1DAD9EFAEF3A}.Release|Win32.ActiveCfg = Release|Win32
		{29A79727-C3C8-49B2-AC86-1DAD9EFAEF3A}.Release|Win32.Build.0 = Release|Win32
		{29A79727-C3C8-49B2-AC86-1DAD9EFAEF3A}.Release|x64.ActiveCfg = Release|Win32
		{1AE4E979-0D35-4747-BF8E-DD60358F49DB}.Debug|Win32.ActiveCfg = Debug_Static|Win32
		{1AE4E979-0D35-4747-BF8E-DD60358F49DB}.Debug|Win32.Build.0 = Debug_Static|Win32
		{1AE4E979-0D35-4747-BF8E-DD60358F49DB}.Debug|x64.ActiveCfg = Debug|x64
		{1AE4E979-0D35-4747-BF8E-DD60358F49DB}.Debug|x64.Build.0 = Debug|x64
		{1AE4E979-0D35-4747-BF8E-DD60358F49DB}.Release|Win32.ActiveCfg = Release_Static|Win32
		{1AE4E979-0D35-4747-BF8E-DD60358F49DB}.Release|Win32.Build.0 = Release_Static|Win32
		{1AE4E979-0D35-4747-BF8E-DD60358F49DB}.Release|x64.ActiveCfg = Release|x64
		{1AE4E979-0D35-4747-BF8E-DD60358F49DB}.Release|x64.Build.0 = Release|x64
		{F95061FD-360E-4F2C-4F64-3A2F2C12FABB}.Debug|Win32.ActiveCfg = Debug|Win32
		{F95061FD-360E-4F2C-4F64-3A2F2C12FABB}.Debug|Win32.Build.0 = Debug|Win32
		{F95061FD-360E-4F2C-4F64-3A2F2C12FABB}.Debug|x64.ActiveCfg = Debug|Win32
		{F95061FD-360E-4F2C-4F64-3A2F2C12FABB}.Release|Win32.ActiveCfg = Release|Win32
		{F95061FD-360E-4F2C-4F64-3A2F2C12FABB}.Release|Win32.Build.0 = Release|Win32
		{F95061FD-360E-4F2C-4F64-3A2F2C12FABB}.Release|x64.ActiveCfg = Release|Win32
		{B46B180B-6079-4CE6-8647-A7D712774255}.Debug|Win32.ActiveCfg = Debug|Win32
		{B46B180B-6079-4CE6-8647-A7D712774255}.Debug|Win32.Build.0 = Debug|Win32
		{B46B180B-6079-4CE6-8647-A7D712774255}.Debug|x64.ActiveCfg = Debug|x64
		{B46B180B-6079-4CE6-8647-A7D712774255}.Debug|x64.Build.0 = Debug|x64
		{B46B180B-6079-4CE6-8647-A7D712774255}.Release|Win32.ActiveCfg = Release|Win32
		{B46B180B-6079-4CE6-8647-A7D712774255}.Release|Win32.Build.0 = Release|Win32
		{B46B180B-6079-4CE6-8647-A7D712774255}.Release|x64.ActiveCfg = Release|x64
		{B46B180B-6079-4CE6-8647-A7D712774255}.Release|x64.Build.0 = Release|x64
		{CCEBAA77-521A-4CC3-A4E0-C6B062FC2009}.Debug|Win32.ActiveCfg = Debug|Win32
		{CCEBAA77-521A-4CC3-A4E0-C6B062FC2009}.Debug|Win32.Build.0 = Debug|Win32
		{CCEBAA77-521A-4CC3-A4E0-C6B062FC2009}.Debug|x64.ActiveCfg = Debug|x64
		{CCEBAA77-521A-4CC3-A4E0-C6B062FC2009}.Debug|x64.Build.0 = Debug|x64
		{CCEBAA77-521A-4CC3-A4E0-C6B062FC2009}.Release|Win32.ActiveCfg = Release|Win32
		{CCEBAA77-521A-4CC3-A4E0-C6B062FC2009}.Release|Win32.Build.0 = Release|Win32
		{CCEBAA77-521A-4CC3-A4E0-C6B062FC2009}.Release|x64.ActiveCfg = Release|x64
		{CCEBAA77-521A-4CC3-A4E0-C6B062FC2009}.Release|x64.Build.0 = Release|x64
		{7D060DA4-F2FA-44CC-80BE-065024DD6CA9}.Debug|Win32.ActiveCfg = Debug|Win32
		{7D060DA4-F2FA-44CC-80BE-065024DD6CA9}.Debug|Win32.Build.0 = Debug|Win32
		{7D060DA4-F2FA-44CC-80BE-065024DD6CA9}.Debug|x64.ActiveCfg = Debug|x64
		{7D060DA4-F2FA-44CC-80BE-065024DD6CA9}.Debug|x64.Build.0 = Debug|x64
		{7D060DA4-F2FA-44CC-80BE-065024DD6CA9}.Release|Win32.ActiveCfg = Release|Win32
		{7D060DA4-F2FA-44CC-80BE-065024DD6CA9}.Release|Win32.Build.0 = Release|Win32
		{7D060DA4-F2FA-44CC-80BE-065024DD6CA9}.Release|x64.ActiveCfg = Release|x64
		{7D060DA4-F2FA-44CC-80BE-065024DD6CA9}.Release|x64.Build.0 = Release|x64
		{5691E159-2D9B-407F-971F-EA5C592DC524}.Debug|Win32.ActiveCfg = debug|Win32
		{5691E159-2D9B-407F-971F-EA5C592DC524}.Debug|Win32.Build.0 = debug|Win32
		{5691E159-2D9B-407F-971F-EA5C592DC524}.Debug|x64.ActiveCfg = debug|x64
		{5691E159-2D9B-407F-971F-EA5C592DC524}.Debug|x64.Build.0 = debug|x64
		{5691E159-2D9B-407F-971F-EA5C592DC524}.Release|Win32.ActiveCfg = release|Win32
		{5691E159-2D9B-407F-971F-EA5C592DC524}.Release|Win32.Build.0 = release|Win32
		{5691E159-2D9B-407F-971F-EA5C592DC524}.Release|x64.ActiveCfg = release|x64
		{5691E159-2D9B-407F-971F-EA5C592DC524}.Release|x64.Build.0 = release|x64
		{4DA03747-F505-4A98-9124-03B3B73B9B3B}.Debug|Win32.ActiveCfg = Debug|Win32
		{4DA03747-F505-4A98-9124-03B3B73B9B3B}.Debug|Win32.Build.0 = Debug|Win32
		{4DA03747-F505-4A98-9124-03B3B73B9B3B}.Debug|x64.ActiveCfg = Debug|Win32
		{4DA03747-F505-4A98-9124-03B3B73B9B3B}.Release|Win32.ActiveCfg = Release|Win32
		{4DA03747-F505-4A98-9124-03B3B73B9B3B}.Release|Win32.Build.0 = Release|Win32
		{4DA03747-F505-4A98-9124-03B3B73B9B3B}.Release|x64.ActiveCfg = Release|Win32
	EndGlobalSection
	GlobalSection(SolutionProperties) = preSolution
		HideSolutionNode = FALSE
	EndGlobalSection
EndGlobal
