
Microsoft Visual Studio Solution File, Format Version 11.00
# Visual Studio 2010
Project("{8BC9CEB8-8B4A-11D0-8D11-00A0C91BC942}") = "LeClient", "LeClient\LeClient.vcxproj", "{DC5D23A3-53BB-45E5-B841-6E902CB3832D}"
	ProjectSection(ProjectDependencies) = postProject
		{29A79727-C3C8-49B2-AC86-1DAD9EFAEF3A} = {29A79727-C3C8-49B2-AC86-1DAD9EFAEF3A}
	EndProjectSection
EndProject
Project("{8BC9CEB8-8B4A-11D0-8D11-00A0C91BC942}") = "LeServer", "LeServer\LeServer.vcxproj", "{20492C1E-56C8-4796-8A4A-916C56839DC9}"
	ProjectSection(ProjectDependencies) = postProject
		{29A79727-C3C8-49B2-AC86-1DAD9EFAEF3A} = {29A79727-C3C8-49B2-AC86-1DAD9EFAEF3A}
	EndProjectSection
EndProject
Project("{8BC9CEB8-8B4A-11D0-8D11-00A0C91BC942}") = "LeEngine", "LeEngine\LeEngine.vcxproj", "{29A79727-C3C8-49B2-AC86-1DAD9EFAEF3A}"
	ProjectSection(ProjectDependencies) = postProject
		{A09E8544-56D5-1F14-951F-FEFFBB2C89C2} = {A09E8544-56D5-1F14-951F-FEFFBB2C89C2}
		{5691E159-2D9B-407F-971F-EA5C592DC524} = {5691E159-2D9B-407F-971F-EA5C592DC524}
	EndProjectSection
EndProject
Project("{8BC9CEB8-8B4A-11D0-8D11-00A0C91BC942}") = "assimp", "..\libs\assimp--2.0.863-sdk\workspaces\vc9\assimp.vcxproj", "{5691E159-2D9B-407F-971F-EA5C592DC524}"
EndProject
Project("{8BC9CEB8-8B4A-11D0-8D11-00A0C91BC942}") = "GLFW", "..\libs\glfw-2.7.5\support\msvc100\GLFW.vcxproj", "{4DA03747-F505-4A98-9124-03B3B73B9B3B}"
	ProjectSection(ProjectDependencies) = postProject
		{A09E8544-56D5-1F14-951F-FEFFBB2C89C2} = {A09E8544-56D5-1F14-951F-FEFFBB2C89C2}
	EndProjectSection
EndProject
Project("{8BC9CEB8-8B4A-11D0-8D11-00A0C91BC942}") = "glew_static", "..\libs\glew-1.7.0\build\vc6\glew_static.vcxproj", "{A09E8544-56D5-1F14-951F-FEFFBB2C89C2}"
EndProject
Project("{8BC9CEB8-8B4A-11D0-8D11-00A0C91BC942}") = "SOIL", "..\libs\soil\SOIL.vcxproj", "{C32FB2B4-500C-43CD-A099-EECCE079D3F1}"
EndProject
Global
	GlobalSection(SolutionConfigurationPlatforms) = preSolution
		Debug|Win32 = Debug|Win32
		Debug|x64 = Debug|x64
		Release|Win32 = Release|Win32
		Release|x64 = Release|x64
	EndGlobalSection
	GlobalSection(ProjectConfigurationPlatforms) = postSolution
		{DC5D23A3-53BB-45E5-B841-6E902CB3832D}.Debug|Win32.ActiveCfg = Debug|Win32
		{DC5D23A3-53BB-45E5-B841-6E902CB3832D}.Debug|Win32.Build.0 = Debug|Win32
		{DC5D23A3-53BB-45E5-B841-6E902CB3832D}.Debug|x64.ActiveCfg = Debug|Win32
		{DC5D23A3-53BB-45E5-B841-6E902CB3832D}.Release|Win32.ActiveCfg = Release|Win32
		{DC5D23A3-53BB-45E5-B841-6E902CB3832D}.Release|Win32.Build.0 = Release|Win32
		{DC5D23A3-53BB-45E5-B841-6E902CB3832D}.Release|x64.ActiveCfg = Release|Win32
		{20492C1E-56C8-4796-8A4A-916C56839DC9}.Debug|Win32.ActiveCfg = Debug|Win32
		{20492C1E-56C8-4796-8A4A-916C56839DC9}.Debug|Win32.Build.0 = Debug|Win32
		{20492C1E-56C8-4796-8A4A-916C56839DC9}.Debug|x64.ActiveCfg = Debug|Win32
		{20492C1E-56C8-4796-8A4A-916C56839DC9}.Release|Win32.ActiveCfg = Release|Win32
		{20492C1E-56C8-4796-8A4A-916C56839DC9}.Release|Win32.Build.0 = Release|Win32
		{20492C1E-56C8-4796-8A4A-916C56839DC9}.Release|x64.ActiveCfg = Release|Win32
		{29A79727-C3C8-49B2-AC86-1DAD9EFAEF3A}.Debug|Win32.ActiveCfg = Debug|Win32
		{29A79727-C3C8-49B2-AC86-1DAD9EFAEF3A}.Debug|Win32.Build.0 = Debug|Win32
		{29A79727-C3C8-49B2-AC86-1DAD9EFAEF3A}.Debug|x64.ActiveCfg = Debug|Win32
		{29A79727-C3C8-49B2-AC86-1DAD9EFAEF3A}.Release|Win32.ActiveCfg = Release|Win32
		{29A79727-C3C8-49B2-AC86-1DAD9EFAEF3A}.Release|Win32.Build.0 = Release|Win32
		{29A79727-C3C8-49B2-AC86-1DAD9EFAEF3A}.Release|x64.ActiveCfg = Release|Win32
		{5691E159-2D9B-407F-971F-EA5C592DC524}.Debug|Win32.ActiveCfg = debug|Win32
		{5691E159-2D9B-407F-971F-EA5C592DC524}.Debug|Win32.Build.0 = debug|Win32
		{5691E159-2D9B-407F-971F-EA5C592DC524}.Debug|x64.ActiveCfg = debug|x64
		{5691E159-2D9B-407F-971F-EA5C592DC524}.Debug|x64.Build.0 = debug|x64
		{5691E159-2D9B-407F-971F-EA5C592DC524}.Release|Win32.ActiveCfg = release|Win32
		{5691E159-2D9B-407F-971F-EA5C592DC524}.Release|Win32.Build.0 = release|Win32
		{5691E159-2D9B-407F-971F-EA5C592DC524}.Release|x64.ActiveCfg = release|x64
		{5691E159-2D9B-407F-971F-EA5C592DC524}.Release|x64.Build.0 = release|x64
		{4DA03747-F505-4A98-9124-03B3B73B9B3B}.Debug|Win32.ActiveCfg = Debug|Win32
		{4DA03747-F505-4A98-9124-03B3B73B9B3B}.Debug|Win32.Build.0 = Debug|Win32
		{4DA03747-F505-4A98-9124-03B3B73B9B3B}.Debug|x64.ActiveCfg = Debug|Win32
		{4DA03747-F505-4A98-9124-03B3B73B9B3B}.Release|Win32.ActiveCfg = Release|Win32
		{4DA03747-F505-4A98-9124-03B3B73B9B3B}.Release|Win32.Build.0 = Release|Win32
		{4DA03747-F505-4A98-9124-03B3B73B9B3B}.Release|x64.ActiveCfg = Release|Win32
		{A09E8544-56D5-1F14-951F-FEFFBB2C89C2}.Debug|Win32.ActiveCfg = Debug|Win32
		{A09E8544-56D5-1F14-951F-FEFFBB2C89C2}.Debug|Win32.Build.0 = Debug|Win32
		{A09E8544-56D5-1F14-951F-FEFFBB2C89C2}.Debug|x64.ActiveCfg = Debug|Win32
		{A09E8544-56D5-1F14-951F-FEFFBB2C89C2}.Release|Win32.ActiveCfg = Release|Win32
		{A09E8544-56D5-1F14-951F-FEFFBB2C89C2}.Release|Win32.Build.0 = Release|Win32
		{A09E8544-56D5-1F14-951F-FEFFBB2C89C2}.Release|x64.ActiveCfg = Release|Win32
		{C32FB2B4-500C-43CD-A099-EECCE079D3F1}.Debug|Win32.ActiveCfg = Debug|Win32
		{C32FB2B4-500C-43CD-A099-EECCE079D3F1}.Debug|Win32.Build.0 = Debug|Win32
		{C32FB2B4-500C-43CD-A099-EECCE079D3F1}.Debug|x64.ActiveCfg = Debug|x64
		{C32FB2B4-500C-43CD-A099-EECCE079D3F1}.Debug|x64.Build.0 = Debug|x64
		{C32FB2B4-500C-43CD-A099-EECCE079D3F1}.Release|Win32.ActiveCfg = Release|Win32
		{C32FB2B4-500C-43CD-A099-EECCE079D3F1}.Release|Win32.Build.0 = Release|Win32
		{C32FB2B4-500C-43CD-A099-EECCE079D3F1}.Release|x64.ActiveCfg = Release|x64
		{C32FB2B4-500C-43CD-A099-EECCE079D3F1}.Release|x64.Build.0 = Release|x64
	EndGlobalSection
	GlobalSection(SolutionProperties) = preSolution
		HideSolutionNode = FALSE
	EndGlobalSection
EndGlobal
